
Microsoft Visual Studio Solution File, Format Version 12.00
# Visual Studio 15
VisualStudioVersion = 15.0.33026.149
MinimumVisualStudioVersion = 10.0.40219.1
Project("{8BC9CEB8-8B4A-11D0-8D11-00A0C91BC942}") = "ArrTp", "ArrTp\ArrTp.vcxproj", "{31BD7566-9265-42D4-B317-0B4886897C1C}"
EndProject
Global
	GlobalSection(SolutionConfigurationPlatforms) = preSolution
		Debug|x64 = Debug|x64
		Debug|x86 = Debug|x86
		Release|x64 = Release|x64
		Release|x86 = Release|x86
	EndGlobalSection
	GlobalSection(ProjectConfigurationPlatforms) = postSolution
		{31BD7566-9265-42D4-B317-0B4886897C1C}.Debug|x64.ActiveCfg = Debug|x64
		{31BD7566-9265-42D4-B317-0B4886897C1C}.Debug|x64.Build.0 = Debug|x64
		{31BD7566-9265-42D4-B317-0B4886897C1C}.Debug|x86.ActiveCfg = Debug|Win32
		{31BD7566-9265-42D4-B317-0B4886897C1C}.Debug|x86.Build.0 = Debug|Win32
		{31BD7566-9265-42D4-B317-0B4886897C1C}.Release|x64.ActiveCfg = Release|x64
		{31BD7566-9265-42D4-B317-0B4886897C1C}.Release|x64.Build.0 = Release|x64
		{31BD7566-9265-42D4-B317-0B4886897C1C}.Release|x86.ActiveCfg = Release|Win32
		{31BD7566-9265-42D4-B317-0B4886897C1C}.Release|x86.Build.0 = Release|Win32
	EndGlobalSection
	GlobalSection(SolutionProperties) = preSolution
		HideSolutionNode = FALSE
	EndGlobalSection
	GlobalSection(ExtensibilityGlobals) = postSolution
		SolutionGuid = {607345E0-50D3-4EC9-B4F0-ADD34A82EFE3}
	EndGlobalSection
EndGlobal
